// !$*UTF8*$!
{
	archiveVersion = 1;
	classes = {
	};
	objectVersion = 56;
	objects = {

/* Begin PBXBuildFile section */
		D40CA1F12A385EC3009BE8AA /* RswiftLibrary in Frameworks */ = {isa = PBXBuildFile; productRef = D40CA1F02A385EC3009BE8AA /* RswiftLibrary */; };
		D422ECB82A32F627005586AD /* Prefecture.swift in Sources */ = {isa = PBXBuildFile; fileRef = D422ECB72A32F627005586AD /* Prefecture.swift */; };
		D443104A2A2F04EF00F63095 /* iOS_Training_RyutoApp.swift in Sources */ = {isa = PBXBuildFile; fileRef = D44310492A2F04EF00F63095 /* iOS_Training_RyutoApp.swift */; };
		D443104E2A2F04F100F63095 /* Assets.xcassets in Resources */ = {isa = PBXBuildFile; fileRef = D443104D2A2F04F100F63095 /* Assets.xcassets */; };
		D44310512A2F04F100F63095 /* Preview Assets.xcassets in Resources */ = {isa = PBXBuildFile; fileRef = D44310502A2F04F100F63095 /* Preview Assets.xcassets */; };
		D443105B2A2F04F100F63095 /* iOS_Training_RyutoTests.swift in Sources */ = {isa = PBXBuildFile; fileRef = D443105A2A2F04F100F63095 /* iOS_Training_RyutoTests.swift */; };
		D44310652A2F04F100F63095 /* iOS_Training_RyutoUITests.swift in Sources */ = {isa = PBXBuildFile; fileRef = D44310642A2F04F100F63095 /* iOS_Training_RyutoUITests.swift */; };
		D44310672A2F04F100F63095 /* iOS_Training_RyutoUITestsLaunchTests.swift in Sources */ = {isa = PBXBuildFile; fileRef = D44310662A2F04F100F63095 /* iOS_Training_RyutoUITestsLaunchTests.swift */; };
		D44310742A2F086C00F63095 /* PrefectureListView.swift in Sources */ = {isa = PBXBuildFile; fileRef = D44310732A2F086C00F63095 /* PrefectureListView.swift */; };
		D44310762A2F0BD900F63095 /* PrefectureRowView.swift in Sources */ = {isa = PBXBuildFile; fileRef = D44310752A2F0BD900F63095 /* PrefectureRowView.swift */; };
		D44310792A2F39A500F63095 /* WeatherView.swift in Sources */ = {isa = PBXBuildFile; fileRef = D44310782A2F39A500F63095 /* WeatherView.swift */; };
/* End PBXBuildFile section */

/* Begin PBXContainerItemProxy section */
		D44310572A2F04F100F63095 /* PBXContainerItemProxy */ = {
			isa = PBXContainerItemProxy;
			containerPortal = D443103E2A2F04EF00F63095 /* Project object */;
			proxyType = 1;
			remoteGlobalIDString = D44310452A2F04EF00F63095;
			remoteInfo = "iOS-Training-Ryuto";
		};
		D44310612A2F04F100F63095 /* PBXContainerItemProxy */ = {
			isa = PBXContainerItemProxy;
			containerPortal = D443103E2A2F04EF00F63095 /* Project object */;
			proxyType = 1;
			remoteGlobalIDString = D44310452A2F04EF00F63095;
			remoteInfo = "iOS-Training-Ryuto";
		};
/* End PBXContainerItemProxy section */

/* Begin PBXFileReference section */
		D422ECB72A32F627005586AD /* Prefecture.swift */ = {isa = PBXFileReference; lastKnownFileType = sourcecode.swift; path = Prefecture.swift; sourceTree = "<group>"; };
		D44310462A2F04EF00F63095 /* iOS-Training-Ryuto.app */ = {isa = PBXFileReference; explicitFileType = wrapper.application; includeInIndex = 0; path = "iOS-Training-Ryuto.app"; sourceTree = BUILT_PRODUCTS_DIR; };
		D44310492A2F04EF00F63095 /* iOS_Training_RyutoApp.swift */ = {isa = PBXFileReference; lastKnownFileType = sourcecode.swift; path = iOS_Training_RyutoApp.swift; sourceTree = "<group>"; };
		D443104D2A2F04F100F63095 /* Assets.xcassets */ = {isa = PBXFileReference; lastKnownFileType = folder.assetcatalog; path = Assets.xcassets; sourceTree = "<group>"; };
		D44310502A2F04F100F63095 /* Preview Assets.xcassets */ = {isa = PBXFileReference; lastKnownFileType = folder.assetcatalog; path = "Preview Assets.xcassets"; sourceTree = "<group>"; };
		D44310562A2F04F100F63095 /* iOS-Training-RyutoTests.xctest */ = {isa = PBXFileReference; explicitFileType = wrapper.cfbundle; includeInIndex = 0; path = "iOS-Training-RyutoTests.xctest"; sourceTree = BUILT_PRODUCTS_DIR; };
		D443105A2A2F04F100F63095 /* iOS_Training_RyutoTests.swift */ = {isa = PBXFileReference; lastKnownFileType = sourcecode.swift; path = iOS_Training_RyutoTests.swift; sourceTree = "<group>"; };
		D44310602A2F04F100F63095 /* iOS-Training-RyutoUITests.xctest */ = {isa = PBXFileReference; explicitFileType = wrapper.cfbundle; includeInIndex = 0; path = "iOS-Training-RyutoUITests.xctest"; sourceTree = BUILT_PRODUCTS_DIR; };
		D44310642A2F04F100F63095 /* iOS_Training_RyutoUITests.swift */ = {isa = PBXFileReference; lastKnownFileType = sourcecode.swift; path = iOS_Training_RyutoUITests.swift; sourceTree = "<group>"; };
		D44310662A2F04F100F63095 /* iOS_Training_RyutoUITestsLaunchTests.swift */ = {isa = PBXFileReference; lastKnownFileType = sourcecode.swift; path = iOS_Training_RyutoUITestsLaunchTests.swift; sourceTree = "<group>"; };
		D44310732A2F086C00F63095 /* PrefectureListView.swift */ = {isa = PBXFileReference; lastKnownFileType = sourcecode.swift; path = PrefectureListView.swift; sourceTree = "<group>"; };
		D44310752A2F0BD900F63095 /* PrefectureRowView.swift */ = {isa = PBXFileReference; lastKnownFileType = sourcecode.swift; path = PrefectureRowView.swift; sourceTree = "<group>"; };
		D44310782A2F39A500F63095 /* WeatherView.swift */ = {isa = PBXFileReference; lastKnownFileType = sourcecode.swift; path = WeatherView.swift; sourceTree = "<group>"; };
/* End PBXFileReference section */

/* Begin PBXFrameworksBuildPhase section */
		D44310432A2F04EF00F63095 /* Frameworks */ = {
			isa = PBXFrameworksBuildPhase;
			buildActionMask = 2147483647;
			files = (
				D40CA1F12A385EC3009BE8AA /* RswiftLibrary in Frameworks */,
			);
			runOnlyForDeploymentPostprocessing = 0;
		};
		D44310532A2F04F100F63095 /* Frameworks */ = {
			isa = PBXFrameworksBuildPhase;
			buildActionMask = 2147483647;
			files = (
			);
			runOnlyForDeploymentPostprocessing = 0;
		};
		D443105D2A2F04F100F63095 /* Frameworks */ = {
			isa = PBXFrameworksBuildPhase;
			buildActionMask = 2147483647;
			files = (
			);
			runOnlyForDeploymentPostprocessing = 0;
		};
/* End PBXFrameworksBuildPhase section */

/* Begin PBXGroup section */
		D443103D2A2F04EF00F63095 = {
			isa = PBXGroup;
			children = (
				D44310482A2F04EF00F63095 /* iOS-Training-Ryuto */,
				D44310592A2F04F100F63095 /* iOS-Training-RyutoTests */,
				D44310632A2F04F100F63095 /* iOS-Training-RyutoUITests */,
				D44310472A2F04EF00F63095 /* Products */,
			);
			sourceTree = "<group>";
		};
		D44310472A2F04EF00F63095 /* Products */ = {
			isa = PBXGroup;
			children = (
				D44310462A2F04EF00F63095 /* iOS-Training-Ryuto.app */,
				D44310562A2F04F100F63095 /* iOS-Training-RyutoTests.xctest */,
				D44310602A2F04F100F63095 /* iOS-Training-RyutoUITests.xctest */,
			);
			name = Products;
			sourceTree = "<group>";
		};
		D44310482A2F04EF00F63095 /* iOS-Training-Ryuto */ = {
			isa = PBXGroup;
			children = (
				D44310492A2F04EF00F63095 /* iOS_Training_RyutoApp.swift */,
				D4FB92B22A3065D6000DCFC2 /* UI */,
				D443104D2A2F04F100F63095 /* Assets.xcassets */,
				D443104F2A2F04F100F63095 /* Preview Content */,
			);
			path = "iOS-Training-Ryuto";
			sourceTree = "<group>";
		};
		D443104F2A2F04F100F63095 /* Preview Content */ = {
			isa = PBXGroup;
			children = (
				D44310502A2F04F100F63095 /* Preview Assets.xcassets */,
			);
			path = "Preview Content";
			sourceTree = "<group>";
		};
		D44310592A2F04F100F63095 /* iOS-Training-RyutoTests */ = {
			isa = PBXGroup;
			children = (
				D443105A2A2F04F100F63095 /* iOS_Training_RyutoTests.swift */,
			);
			path = "iOS-Training-RyutoTests";
			sourceTree = "<group>";
		};
		D44310632A2F04F100F63095 /* iOS-Training-RyutoUITests */ = {
			isa = PBXGroup;
			children = (
				D44310642A2F04F100F63095 /* iOS_Training_RyutoUITests.swift */,
				D44310662A2F04F100F63095 /* iOS_Training_RyutoUITestsLaunchTests.swift */,
			);
			path = "iOS-Training-RyutoUITests";
			sourceTree = "<group>";
		};
		D44310772A2F0CFA00F63095 /* PrefectureList */ = {
			isa = PBXGroup;
			children = (
				D422ECB72A32F627005586AD /* Prefecture.swift */,
				D44310732A2F086C00F63095 /* PrefectureListView.swift */,
				D44310752A2F0BD900F63095 /* PrefectureRowView.swift */,
			);
			path = PrefectureList;
			sourceTree = "<group>";
		};
		D4FB92B12A3065C7000DCFC2 /* WeatherView */ = {
			isa = PBXGroup;
			children = (
				D44310782A2F39A500F63095 /* WeatherView.swift */,
			);
			path = WeatherView;
			sourceTree = "<group>";
		};
		D4FB92B22A3065D6000DCFC2 /* UI */ = {
			isa = PBXGroup;
			children = (
				D44310772A2F0CFA00F63095 /* PrefectureList */,
				D4FB92B12A3065C7000DCFC2 /* WeatherView */,
			);
			path = UI;
			sourceTree = "<group>";
		};
/* End PBXGroup section */

/* Begin PBXNativeTarget section */
		D44310452A2F04EF00F63095 /* iOS-Training-Ryuto */ = {
			isa = PBXNativeTarget;
			buildConfigurationList = D443106A2A2F04F100F63095 /* Build configuration list for PBXNativeTarget "iOS-Training-Ryuto" */;
			buildPhases = (
				D44310422A2F04EF00F63095 /* Sources */,
				D44310432A2F04EF00F63095 /* Frameworks */,
				D44310442A2F04EF00F63095 /* Resources */,
			);
			buildRules = (
			);
			dependencies = (
				D40CA1F32A385ECE009BE8AA /* PBXTargetDependency */,
			);
			name = "iOS-Training-Ryuto";
			packageProductDependencies = (
				D40CA1F02A385EC3009BE8AA /* RswiftLibrary */,
			);
			productName = "iOS-Training-Ryuto";
			productReference = D44310462A2F04EF00F63095 /* iOS-Training-Ryuto.app */;
			productType = "com.apple.product-type.application";
		};
		D44310552A2F04F100F63095 /* iOS-Training-RyutoTests */ = {
			isa = PBXNativeTarget;
			buildConfigurationList = D443106D2A2F04F100F63095 /* Build configuration list for PBXNativeTarget "iOS-Training-RyutoTests" */;
			buildPhases = (
				D44310522A2F04F100F63095 /* Sources */,
				D44310532A2F04F100F63095 /* Frameworks */,
				D44310542A2F04F100F63095 /* Resources */,
			);
			buildRules = (
			);
			dependencies = (
				D44310582A2F04F100F63095 /* PBXTargetDependency */,
			);
			name = "iOS-Training-RyutoTests";
			productName = "iOS-Training-RyutoTests";
			productReference = D44310562A2F04F100F63095 /* iOS-Training-RyutoTests.xctest */;
			productType = "com.apple.product-type.bundle.unit-test";
		};
		D443105F2A2F04F100F63095 /* iOS-Training-RyutoUITests */ = {
			isa = PBXNativeTarget;
			buildConfigurationList = D44310702A2F04F100F63095 /* Build configuration list for PBXNativeTarget "iOS-Training-RyutoUITests" */;
			buildPhases = (
				D443105C2A2F04F100F63095 /* Sources */,
				D443105D2A2F04F100F63095 /* Frameworks */,
				D443105E2A2F04F100F63095 /* Resources */,
			);
			buildRules = (
			);
			dependencies = (
				D44310622A2F04F100F63095 /* PBXTargetDependency */,
			);
			name = "iOS-Training-RyutoUITests";
			productName = "iOS-Training-RyutoUITests";
			productReference = D44310602A2F04F100F63095 /* iOS-Training-RyutoUITests.xctest */;
			productType = "com.apple.product-type.bundle.ui-testing";
		};
/* End PBXNativeTarget section */

/* Begin PBXProject section */
		D443103E2A2F04EF00F63095 /* Project object */ = {
			isa = PBXProject;
			attributes = {
				BuildIndependentTargetsInParallel = 1;
				LastSwiftUpdateCheck = 1430;
				LastUpgradeCheck = 1430;
				TargetAttributes = {
					D44310452A2F04EF00F63095 = {
						CreatedOnToolsVersion = 14.3;
					};
					D44310552A2F04F100F63095 = {
						CreatedOnToolsVersion = 14.3;
						TestTargetID = D44310452A2F04EF00F63095;
					};
					D443105F2A2F04F100F63095 = {
						CreatedOnToolsVersion = 14.3;
						TestTargetID = D44310452A2F04EF00F63095;
					};
				};
			};
			buildConfigurationList = D44310412A2F04EF00F63095 /* Build configuration list for PBXProject "iOS-Training-Ryuto" */;
			compatibilityVersion = "Xcode 14.0";
			developmentRegion = en;
			hasScannedForEncodings = 0;
			knownRegions = (
				en,
				Base,
			);
			mainGroup = D443103D2A2F04EF00F63095;
			packageReferences = (
				D40CA1EF2A385EC3009BE8AA /* XCRemoteSwiftPackageReference "R.swift" */,
			);
			productRefGroup = D44310472A2F04EF00F63095 /* Products */;
			projectDirPath = "";
			projectRoot = "";
			targets = (
				D44310452A2F04EF00F63095 /* iOS-Training-Ryuto */,
				D44310552A2F04F100F63095 /* iOS-Training-RyutoTests */,
				D443105F2A2F04F100F63095 /* iOS-Training-RyutoUITests */,
			);
		};
/* End PBXProject section */

/* Begin PBXResourcesBuildPhase section */
		D44310442A2F04EF00F63095 /* Resources */ = {
			isa = PBXResourcesBuildPhase;
			buildActionMask = 2147483647;
			files = (
				D44310512A2F04F100F63095 /* Preview Assets.xcassets in Resources */,
				D443104E2A2F04F100F63095 /* Assets.xcassets in Resources */,
			);
			runOnlyForDeploymentPostprocessing = 0;
		};
		D44310542A2F04F100F63095 /* Resources */ = {
			isa = PBXResourcesBuildPhase;
			buildActionMask = 2147483647;
			files = (
			);
			runOnlyForDeploymentPostprocessing = 0;
		};
		D443105E2A2F04F100F63095 /* Resources */ = {
			isa = PBXResourcesBuildPhase;
			buildActionMask = 2147483647;
			files = (
			);
			runOnlyForDeploymentPostprocessing = 0;
		};
/* End PBXResourcesBuildPhase section */

/* Begin PBXSourcesBuildPhase section */
		D44310422A2F04EF00F63095 /* Sources */ = {
			isa = PBXSourcesBuildPhase;
			buildActionMask = 2147483647;
			files = (
				D44310792A2F39A500F63095 /* WeatherView.swift in Sources */,
				D44310742A2F086C00F63095 /* PrefectureListView.swift in Sources */,
				D422ECB82A32F627005586AD /* Prefecture.swift in Sources */,
				D44310762A2F0BD900F63095 /* PrefectureRowView.swift in Sources */,
				D443104A2A2F04EF00F63095 /* iOS_Training_RyutoApp.swift in Sources */,
			);
			runOnlyForDeploymentPostprocessing = 0;
		};
		D44310522A2F04F100F63095 /* Sources */ = {
			isa = PBXSourcesBuildPhase;
			buildActionMask = 2147483647;
			files = (
				D443105B2A2F04F100F63095 /* iOS_Training_RyutoTests.swift in Sources */,
			);
			runOnlyForDeploymentPostprocessing = 0;
		};
		D443105C2A2F04F100F63095 /* Sources */ = {
			isa = PBXSourcesBuildPhase;
			buildActionMask = 2147483647;
			files = (
				D44310672A2F04F100F63095 /* iOS_Training_RyutoUITestsLaunchTests.swift in Sources */,
				D44310652A2F04F100F63095 /* iOS_Training_RyutoUITests.swift in Sources */,
			);
			runOnlyForDeploymentPostprocessing = 0;
		};
/* End PBXSourcesBuildPhase section */

/* Begin PBXTargetDependency section */
		D40CA1F32A385ECE009BE8AA /* PBXTargetDependency */ = {
			isa = PBXTargetDependency;
			productRef = D40CA1F22A385ECE009BE8AA /* RswiftGenerateInternalResources */;
		};
		D44310582A2F04F100F63095 /* PBXTargetDependency */ = {
			isa = PBXTargetDependency;
			target = D44310452A2F04EF00F63095 /* iOS-Training-Ryuto */;
			targetProxy = D44310572A2F04F100F63095 /* PBXContainerItemProxy */;
		};
		D44310622A2F04F100F63095 /* PBXTargetDependency */ = {
			isa = PBXTargetDependency;
			target = D44310452A2F04EF00F63095 /* iOS-Training-Ryuto */;
			targetProxy = D44310612A2F04F100F63095 /* PBXContainerItemProxy */;
		};
/* End PBXTargetDependency section */

/* Begin XCBuildConfiguration section */
		D44310682A2F04F100F63095 /* Debug */ = {
			isa = XCBuildConfiguration;
			buildSettings = {
				ALWAYS_SEARCH_USER_PATHS = NO;
				CLANG_ANALYZER_NONNULL = YES;
				CLANG_ANALYZER_NUMBER_OBJECT_CONVERSION = YES_AGGRESSIVE;
				CLANG_CXX_LANGUAGE_STANDARD = "gnu++20";
				CLANG_ENABLE_MODULES = YES;
				CLANG_ENABLE_OBJC_ARC = YES;
				CLANG_ENABLE_OBJC_WEAK = YES;
				CLANG_WARN_BLOCK_CAPTURE_AUTORELEASING = YES;
				CLANG_WARN_BOOL_CONVERSION = YES;
				CLANG_WARN_COMMA = YES;
				CLANG_WARN_CONSTANT_CONVERSION = YES;
				CLANG_WARN_DEPRECATED_OBJC_IMPLEMENTATIONS = YES;
				CLANG_WARN_DIRECT_OBJC_ISA_USAGE = YES_ERROR;
				CLANG_WARN_DOCUMENTATION_COMMENTS = YES;
				CLANG_WARN_EMPTY_BODY = YES;
				CLANG_WARN_ENUM_CONVERSION = YES;
				CLANG_WARN_INFINITE_RECURSION = YES;
				CLANG_WARN_INT_CONVERSION = YES;
				CLANG_WARN_NON_LITERAL_NULL_CONVERSION = YES;
				CLANG_WARN_OBJC_IMPLICIT_RETAIN_SELF = YES;
				CLANG_WARN_OBJC_LITERAL_CONVERSION = YES;
				CLANG_WARN_OBJC_ROOT_CLASS = YES_ERROR;
				CLANG_WARN_QUOTED_INCLUDE_IN_FRAMEWORK_HEADER = YES;
				CLANG_WARN_RANGE_LOOP_ANALYSIS = YES;
				CLANG_WARN_STRICT_PROTOTYPES = YES;
				CLANG_WARN_SUSPICIOUS_MOVE = YES;
				CLANG_WARN_UNGUARDED_AVAILABILITY = YES_AGGRESSIVE;
				CLANG_WARN_UNREACHABLE_CODE = YES;
				CLANG_WARN__DUPLICATE_METHOD_MATCH = YES;
				COPY_PHASE_STRIP = NO;
				DEBUG_INFORMATION_FORMAT = dwarf;
				ENABLE_STRICT_OBJC_MSGSEND = YES;
				ENABLE_TESTABILITY = YES;
				GCC_C_LANGUAGE_STANDARD = gnu11;
				GCC_DYNAMIC_NO_PIC = NO;
				GCC_NO_COMMON_BLOCKS = YES;
				GCC_OPTIMIZATION_LEVEL = 0;
				GCC_PREPROCESSOR_DEFINITIONS = (
					"DEBUG=1",
					"$(inherited)",
				);
				GCC_WARN_64_TO_32_BIT_CONVERSION = YES;
				GCC_WARN_ABOUT_RETURN_TYPE = YES_ERROR;
				GCC_WARN_UNDECLARED_SELECTOR = YES;
				GCC_WARN_UNINITIALIZED_AUTOS = YES_AGGRESSIVE;
				GCC_WARN_UNUSED_FUNCTION = YES;
				GCC_WARN_UNUSED_VARIABLE = YES;
				IPHONEOS_DEPLOYMENT_TARGET = 16.4;
				MTL_ENABLE_DEBUG_INFO = INCLUDE_SOURCE;
				MTL_FAST_MATH = YES;
				ONLY_ACTIVE_ARCH = YES;
				SDKROOT = iphoneos;
				SWIFT_ACTIVE_COMPILATION_CONDITIONS = DEBUG;
				SWIFT_OPTIMIZATION_LEVEL = "-Onone";
			};
			name = Debug;
		};
		D44310692A2F04F100F63095 /* Release */ = {
			isa = XCBuildConfiguration;
			buildSettings = {
				ALWAYS_SEARCH_USER_PATHS = NO;
				CLANG_ANALYZER_NONNULL = YES;
				CLANG_ANALYZER_NUMBER_OBJECT_CONVERSION = YES_AGGRESSIVE;
				CLANG_CXX_LANGUAGE_STANDARD = "gnu++20";
				CLANG_ENABLE_MODULES = YES;
				CLANG_ENABLE_OBJC_ARC = YES;
				CLANG_ENABLE_OBJC_WEAK = YES;
				CLANG_WARN_BLOCK_CAPTURE_AUTORELEASING = YES;
				CLANG_WARN_BOOL_CONVERSION = YES;
				CLANG_WARN_COMMA = YES;
				CLANG_WARN_CONSTANT_CONVERSION = YES;
				CLANG_WARN_DEPRECATED_OBJC_IMPLEMENTATIONS = YES;
				CLANG_WARN_DIRECT_OBJC_ISA_USAGE = YES_ERROR;
				CLANG_WARN_DOCUMENTATION_COMMENTS = YES;
				CLANG_WARN_EMPTY_BODY = YES;
				CLANG_WARN_ENUM_CONVERSION = YES;
				CLANG_WARN_INFINITE_RECURSION = YES;
				CLANG_WARN_INT_CONVERSION = YES;
				CLANG_WARN_NON_LITERAL_NULL_CONVERSION = YES;
				CLANG_WARN_OBJC_IMPLICIT_RETAIN_SELF = YES;
				CLANG_WARN_OBJC_LITERAL_CONVERSION = YES;
				CLANG_WARN_OBJC_ROOT_CLASS = YES_ERROR;
				CLANG_WARN_QUOTED_INCLUDE_IN_FRAMEWORK_HEADER = YES;
				CLANG_WARN_RANGE_LOOP_ANALYSIS = YES;
				CLANG_WARN_STRICT_PROTOTYPES = YES;
				CLANG_WARN_SUSPICIOUS_MOVE = YES;
				CLANG_WARN_UNGUARDED_AVAILABILITY = YES_AGGRESSIVE;
				CLANG_WARN_UNREACHABLE_CODE = YES;
				CLANG_WARN__DUPLICATE_METHOD_MATCH = YES;
				COPY_PHASE_STRIP = NO;
				DEBUG_INFORMATION_FORMAT = "dwarf-with-dsym";
				ENABLE_NS_ASSERTIONS = NO;
				ENABLE_STRICT_OBJC_MSGSEND = YES;
				GCC_C_LANGUAGE_STANDARD = gnu11;
				GCC_NO_COMMON_BLOCKS = YES;
				GCC_WARN_64_TO_32_BIT_CONVERSION = YES;
				GCC_WARN_ABOUT_RETURN_TYPE = YES_ERROR;
				GCC_WARN_UNDECLARED_SELECTOR = YES;
				GCC_WARN_UNINITIALIZED_AUTOS = YES_AGGRESSIVE;
				GCC_WARN_UNUSED_FUNCTION = YES;
				GCC_WARN_UNUSED_VARIABLE = YES;
				IPHONEOS_DEPLOYMENT_TARGET = 16.4;
				MTL_ENABLE_DEBUG_INFO = NO;
				MTL_FAST_MATH = YES;
				SDKROOT = iphoneos;
				SWIFT_COMPILATION_MODE = wholemodule;
				SWIFT_OPTIMIZATION_LEVEL = "-O";
				VALIDATE_PRODUCT = YES;
			};
			name = Release;
		};
		D443106B2A2F04F100F63095 /* Debug */ = {
			isa = XCBuildConfiguration;
			buildSettings = {
				ASSETCATALOG_COMPILER_APPICON_NAME = AppIcon;
				ASSETCATALOG_COMPILER_GLOBAL_ACCENT_COLOR_NAME = AccentColor;
				CODE_SIGN_STYLE = Automatic;
				CURRENT_PROJECT_VERSION = 1;
				DEVELOPMENT_ASSET_PATHS = "\"iOS-Training-Ryuto/Preview Content\"";
				DEVELOPMENT_TEAM = D8V5XWF3J2;
				ENABLE_PREVIEWS = YES;
				GENERATE_INFOPLIST_FILE = YES;
				INFOPLIST_KEY_UIApplicationSceneManifest_Generation = YES;
				INFOPLIST_KEY_UIApplicationSupportsIndirectInputEvents = YES;
				INFOPLIST_KEY_UILaunchScreen_Generation = YES;
				INFOPLIST_KEY_UISupportedInterfaceOrientations_iPad = "UIInterfaceOrientationPortrait UIInterfaceOrientationPortraitUpsideDown UIInterfaceOrientationLandscapeLeft UIInterfaceOrientationLandscapeRight";
				INFOPLIST_KEY_UISupportedInterfaceOrientations_iPhone = "UIInterfaceOrientationPortrait UIInterfaceOrientationLandscapeLeft UIInterfaceOrientationLandscapeRight";
				LD_RUNPATH_SEARCH_PATHS = (
					"$(inherited)",
					"@executable_path/Frameworks",
				);
				MARKETING_VERSION = 1.0;
				PRODUCT_BUNDLE_IDENTIFIER = "com.ryutoiwamoto.iOS-Training-Ryuto";
				PRODUCT_NAME = "$(TARGET_NAME)";
				SWIFT_EMIT_LOC_STRINGS = YES;
				SWIFT_VERSION = 5.0;
				TARGETED_DEVICE_FAMILY = "1,2";
			};
			name = Debug;
		};
		D443106C2A2F04F100F63095 /* Release */ = {
			isa = XCBuildConfiguration;
			buildSettings = {
				ASSETCATALOG_COMPILER_APPICON_NAME = AppIcon;
				ASSETCATALOG_COMPILER_GLOBAL_ACCENT_COLOR_NAME = AccentColor;
				CODE_SIGN_STYLE = Automatic;
				CURRENT_PROJECT_VERSION = 1;
				DEVELOPMENT_ASSET_PATHS = "\"iOS-Training-Ryuto/Preview Content\"";
				DEVELOPMENT_TEAM = D8V5XWF3J2;
				ENABLE_PREVIEWS = YES;
				GENERATE_INFOPLIST_FILE = YES;
				INFOPLIST_KEY_UIApplicationSceneManifest_Generation = YES;
				INFOPLIST_KEY_UIApplicationSupportsIndirectInputEvents = YES;
				INFOPLIST_KEY_UILaunchScreen_Generation = YES;
				INFOPLIST_KEY_UISupportedInterfaceOrientations_iPad = "UIInterfaceOrientationPortrait UIInterfaceOrientationPortraitUpsideDown UIInterfaceOrientationLandscapeLeft UIInterfaceOrientationLandscapeRight";
				INFOPLIST_KEY_UISupportedInterfaceOrientations_iPhone = "UIInterfaceOrientationPortrait UIInterfaceOrientationLandscapeLeft UIInterfaceOrientationLandscapeRight";
				LD_RUNPATH_SEARCH_PATHS = (
					"$(inherited)",
					"@executable_path/Frameworks",
				);
				MARKETING_VERSION = 1.0;
				PRODUCT_BUNDLE_IDENTIFIER = "com.ryutoiwamoto.iOS-Training-Ryuto";
				PRODUCT_NAME = "$(TARGET_NAME)";
				SWIFT_EMIT_LOC_STRINGS = YES;
				SWIFT_VERSION = 5.0;
				TARGETED_DEVICE_FAMILY = "1,2";
			};
			name = Release;
		};
		D443106E2A2F04F100F63095 /* Debug */ = {
			isa = XCBuildConfiguration;
			buildSettings = {
				ALWAYS_EMBED_SWIFT_STANDARD_LIBRARIES = YES;
				BUNDLE_LOADER = "$(TEST_HOST)";
				CODE_SIGN_STYLE = Automatic;
				CURRENT_PROJECT_VERSION = 1;
				DEVELOPMENT_TEAM = D8V5XWF3J2;
				GENERATE_INFOPLIST_FILE = YES;
				IPHONEOS_DEPLOYMENT_TARGET = 16.4;
				MARKETING_VERSION = 1.0;
				PRODUCT_BUNDLE_IDENTIFIER = "com.ryutoiwamoto.iOS-Training-RyutoTests";
				PRODUCT_NAME = "$(TARGET_NAME)";
				SWIFT_EMIT_LOC_STRINGS = NO;
				SWIFT_VERSION = 5.0;
				TARGETED_DEVICE_FAMILY = "1,2";
				TEST_HOST = "$(BUILT_PRODUCTS_DIR)/iOS-Training-Ryuto.app/$(BUNDLE_EXECUTABLE_FOLDER_PATH)/iOS-Training-Ryuto";
			};
			name = Debug;
		};
		D443106F2A2F04F100F63095 /* Release */ = {
			isa = XCBuildConfiguration;
			buildSettings = {
				ALWAYS_EMBED_SWIFT_STANDARD_LIBRARIES = YES;
				BUNDLE_LOADER = "$(TEST_HOST)";
				CODE_SIGN_STYLE = Automatic;
				CURRENT_PROJECT_VERSION = 1;
				DEVELOPMENT_TEAM = D8V5XWF3J2;
				GENERATE_INFOPLIST_FILE = YES;
				IPHONEOS_DEPLOYMENT_TARGET = 16.4;
				MARKETING_VERSION = 1.0;
				PRODUCT_BUNDLE_IDENTIFIER = "com.ryutoiwamoto.iOS-Training-RyutoTests";
				PRODUCT_NAME = "$(TARGET_NAME)";
				SWIFT_EMIT_LOC_STRINGS = NO;
				SWIFT_VERSION = 5.0;
				TARGETED_DEVICE_FAMILY = "1,2";
				TEST_HOST = "$(BUILT_PRODUCTS_DIR)/iOS-Training-Ryuto.app/$(BUNDLE_EXECUTABLE_FOLDER_PATH)/iOS-Training-Ryuto";
			};
			name = Release;
		};
		D44310712A2F04F100F63095 /* Debug */ = {
			isa = XCBuildConfiguration;
			buildSettings = {
				ALWAYS_EMBED_SWIFT_STANDARD_LIBRARIES = YES;
				CODE_SIGN_STYLE = Automatic;
				CURRENT_PROJECT_VERSION = 1;
				DEVELOPMENT_TEAM = D8V5XWF3J2;
				GENERATE_INFOPLIST_FILE = YES;
				MARKETING_VERSION = 1.0;
				PRODUCT_BUNDLE_IDENTIFIER = "com.ryutoiwamoto.iOS-Training-RyutoUITests";
				PRODUCT_NAME = "$(TARGET_NAME)";
				SWIFT_EMIT_LOC_STRINGS = NO;
				SWIFT_VERSION = 5.0;
				TARGETED_DEVICE_FAMILY = "1,2";
				TEST_TARGET_NAME = "iOS-Training-Ryuto";
			};
			name = Debug;
		};
		D44310722A2F04F100F63095 /* Release */ = {
			isa = XCBuildConfiguration;
			buildSettings = {
				ALWAYS_EMBED_SWIFT_STANDARD_LIBRARIES = YES;
				CODE_SIGN_STYLE = Automatic;
				CURRENT_PROJECT_VERSION = 1;
				DEVELOPMENT_TEAM = D8V5XWF3J2;
				GENERATE_INFOPLIST_FILE = YES;
				MARKETING_VERSION = 1.0;
				PRODUCT_BUNDLE_IDENTIFIER = "com.ryutoiwamoto.iOS-Training-RyutoUITests";
				PRODUCT_NAME = "$(TARGET_NAME)";
				SWIFT_EMIT_LOC_STRINGS = NO;
				SWIFT_VERSION = 5.0;
				TARGETED_DEVICE_FAMILY = "1,2";
				TEST_TARGET_NAME = "iOS-Training-Ryuto";
			};
			name = Release;
		};
/* End XCBuildConfiguration section */

/* Begin XCConfigurationList section */
		D44310412A2F04EF00F63095 /* Build configuration list for PBXProject "iOS-Training-Ryuto" */ = {
			isa = XCConfigurationList;
			buildConfigurations = (
				D44310682A2F04F100F63095 /* Debug */,
				D44310692A2F04F100F63095 /* Release */,
			);
			defaultConfigurationIsVisible = 0;
			defaultConfigurationName = Release;
		};
		D443106A2A2F04F100F63095 /* Build configuration list for PBXNativeTarget "iOS-Training-Ryuto" */ = {
			isa = XCConfigurationList;
			buildConfigurations = (
				D443106B2A2F04F100F63095 /* Debug */,
				D443106C2A2F04F100F63095 /* Release */,
			);
			defaultConfigurationIsVisible = 0;
			defaultConfigurationName = Release;
		};
		D443106D2A2F04F100F63095 /* Build configuration list for PBXNativeTarget "iOS-Training-RyutoTests" */ = {
			isa = XCConfigurationList;
			buildConfigurations = (
				D443106E2A2F04F100F63095 /* Debug */,
				D443106F2A2F04F100F63095 /* Release */,
			);
			defaultConfigurationIsVisible = 0;
			defaultConfigurationName = Release;
		};
		D44310702A2F04F100F63095 /* Build configuration list for PBXNativeTarget "iOS-Training-RyutoUITests" */ = {
			isa = XCConfigurationList;
			buildConfigurations = (
				D44310712A2F04F100F63095 /* Debug */,
				D44310722A2F04F100F63095 /* Release */,
			);
			defaultConfigurationIsVisible = 0;
			defaultConfigurationName = Release;
		};
/* End XCConfigurationList section */

/* Begin XCRemoteSwiftPackageReference section */
		D40CA1EF2A385EC3009BE8AA /* XCRemoteSwiftPackageReference "R.swift" */ = {
			isa = XCRemoteSwiftPackageReference;
			repositoryURL = "https://github.com/mac-cain13/R.swift.git";
			requirement = {
				kind = upToNextMajorVersion;
				minimumVersion = 7.0.0;
			};
		};
/* End XCRemoteSwiftPackageReference section */

/* Begin XCSwiftPackageProductDependency section */
		D40CA1F02A385EC3009BE8AA /* RswiftLibrary */ = {
			isa = XCSwiftPackageProductDependency;
			package = D40CA1EF2A385EC3009BE8AA /* XCRemoteSwiftPackageReference "R.swift" */;
			productName = RswiftLibrary;
		};
		D40CA1F22A385ECE009BE8AA /* RswiftGenerateInternalResources */ = {
			isa = XCSwiftPackageProductDependency;
			productName = "plugin:RswiftGenerateInternalResources";
		};
/* End XCSwiftPackageProductDependency section */
	};
	rootObject = D443103E2A2F04EF00F63095 /* Project object */;
}
